{
  "name": "telegram-group-master-bot",
  "version": "1.0.0",
  "lockfileVersion": 3,
  "requires": true,
  "packages": {
    "": {
      "name": "telegram-group-master-bot",
      "version": "1.0.0",
      "license": "MIT",
      "dependencies": {
        "node-telegram-bot-api": "^0.64.0"
      }
    },
    "node_modules/node-telegram-bot-api": {
      "version": "0.64.0",
      "resolved": "https://registry.npmjs.org/node-telegram-bot-api/-/node-telegram-bot-api-0.64.0.tgz",
      "integrity": "sha512-wY6aQKbMBBW7wL7kJVM2YJ5tTUK0R2YLhggqjNjACGR7xO8HJLv5iBq1O/4vVqnkHGc9JxRpGZbwqCRpK5GhlA==",
      "dependencies": {
        "debug": "^4.3.4",
        "eslint": "^8.57.0",
        "eslint-config-standard": "^17.1.0",
        "eslint-plugin-import": "^2.29.1",
        "eslint-plugin-n": "^16.6.2",
        "eslint-plugin-promise": "^6.1.1",
        "https-proxy-agent": "^7.0.2",
        "proxy-from-env": "^1.1.0",
        "request-compose": "^2.1.3"
      },
      "engines": {
        "node": ">=12.20.0"
      }
    },
    "node_modules/debug": {
      "version": "4.3.5",
      "resolved": "https://registry.npmjs.org/debug/-/debug-4.3.5.tgz",
      "integrity": "sha512-pt0bNEmneDIvdL1Xsd9oDQ/wrQRkXDT4AUWlNZNPKvW5x/jyO9VFXkJUP07vQ2upmw5PlaITaPKc31jK13V+jg==",
      "dependencies": {
        "ms": "2.1.2"
      },
      "engines": {
        "node": ">=6.0"
      },
      "peerDependenciesMeta": {
        "supports-color": {
          "optional": true
        }
      }
    },
    "node_modules/ms": {
      "version": "2.1.2",
      "resolved": "https://registry.npmjs.org/ms/-/ms-2.1.2.tgz",
      "integrity": "sha512-sGkPx+VjMtmA6MX27oA4FBFELFCZZ4S4XqeGOXCv68tT+jb3vk/RyaKWP0PTKyWtmLSM0b+adUTEvbs1PEaH2w=="
    },
    "node_modules/eslint": {
      "version": "8.57.0",
      "resolved": "https://registry.npmjs.org/eslint/-/eslint-8.57.0.tgz",
      "integrity": "sha512-d6bPZ+3qGbRf3mTkfrWtt2qNYd/WcRCn/3hRVXu3M0NlQ4S9jip/9pITMKQeBimk8r2VR4Rkgi5H+2pDq0qKFA==",
      "dependencies": {
        "@eslint-community/eslint-utils": "^4.2.0",
        "@eslint-community/regexpp": "^4.6.1",
        "@eslint/eslintrc": "^2.1.2",
        "@eslint/js": "8.57.0",
        "@humanwhocodes/config-array": "^0.13.0",
        "@humanwhocodes/module-importer": "^1.0.1",
        "@nodelib/fs.walk": "^1.2.8",
        "ajv": "^6.12.4",
        "argparse": "^2.0.1",
        "cross-spawn": "^7.0.2",
        "debug": "^4.3.2",
        "doctrine": "^3.0.0",
        "escape-string-regexp": "^4.0.0",
        "eslint-scope": "^7.2.2",
        "eslint-visitor-keys": "^3.4.3",
        "espree": "^9.6.1",
        "esquery": "^1.5.0",
        "esutils": "^2.0.3",
        "fast-deep-equal": "^3.1.3",
        "file-entry-cache": "^6.0.1",
        "find-up": "^5.0.0",
        "glob-parent": "^6.0.2",
        "globals": "^13.24.0",
        "graphemer": "^1.4.0",
        "ignore": "^5.2.4",
        "import-fresh": "^3.0.0",
        "imurmurhash": "^0.1.4",
        "is-glob": "^4.0.0",
        "is-path-inside": "^3.0.3",
        "js-yaml": "^4.1.0",
        "json-stable-stringify-without-jsonify": "^1.0.1",
        "levn": "^0.4.1",
        "lodash.merge": "^4.6.2",
        "minimatch": "^3.1.2",
        "natural-compare": "^1.4.0",
        "optionator": "^0.9.3",
        "strip-ansi": "^6.0.1",
        "strip-json-comments": "^3.1.1",
        "text-table": "^0.2.0"
      },
      "bin": {
        "eslint": "bin/eslint.js"
      },
      "engines": {
        "node": "^12.22.0 || ^14.17.0 || >=16.0.0"
      },
      "funding": {
        "url": "https://eslint.org/donate"
      }
    },
    "node_modules/eslint-config-standard": {
      "version": "17.1.0",
      "resolved": "https://registry.npmjs.org/eslint-config-standard/-/eslint-config-standard-17.1.0.tgz",
      "integrity": "sha512-2n4eI92WZeOZbT7bnwLpAXypLQZHSX+L5CJ2QvDpLoaFdm/8cULLLk6nOIsxTDNNX8uOcOcIDrEUzQpVFFHnwQ==",
      "peerDependencies": {
        "eslint": "^8.12.0",
        "eslint-plugin-import": "^2.25.4",
        "eslint-plugin-n": "^15.0.0 || ^16.0.0",
        "eslint-plugin-promise": "^6.0.0"
      }
    },
    "node_modules/eslint-plugin-import": {
      "version": "2.29.1",
      "resolved": "https://registry.npmjs.org/eslint-plugin-import/-/eslint-plugin-import-2.29.1.tgz",
      "integrity": "sha512-m6cR7c+8gqR/MAeF2eY/gCw3Acq+M4wvSGWXeImcDLtG8d6N88x5o0fM5fX7bKSIqTGgFQN8qmVsWVt3NqIW0w==",
      "dependencies": {
        "array-includes": "^3.1.7",
        "array.prototype.findlastindex": "^1.2.3",
        "array.prototype.flat": "^1.3.2",
        "array.prototype.flatmap": "^1.3.2",
        "debug": "^3.2.7",
        "doctrine": "^2.1.0",
        "eslint-import-resolver-node": "^0.3.9",
        "eslint-module-utils": "^2.8.1",
        "hasown": "^2.0.1",
        "is-core-module": "^2.13.1",
        "is-glob": "^4.0.3",
        "minimatch": "^3.1.2",
        "object.values": "^1.1.7",
        "semver": "^6.3.1",
        "tsconfig-paths": "^3.15.0"
      },
      "engines": {
        "node": ">=4"
      },
      "peerDependencies": {
        "eslint": "^2 || ^3 || ^4 || ^5 || ^6 || ^7 || ^8"
      }
    },
    "node_modules/eslint-plugin-n": {
      "version": "16.6.2",
      "resolved": "https://registry.npmjs.org/eslint-plugin-n/-/eslint-plugin-n-16.6.2.tgz",
      "integrity": "sha512-2T3jFjVClr6tqPIfnGR7k0vLLwzOXSKWDFvxho5MLqGin7I2N8N9KN5e/GEQxZHs+J/M+77ahLJu7bBHDm6CgQ==",
      "dependencies": {
        "eslint-plugin-es-x": "^7.4.0",
        "eslint-utils": "^3.0.0",
        "ignore": "^5.2.4",
        "minimatch": "^3.1.2",
        "resolve": "^1.22.4"
      },
      "engines": {
        "node": ">=14.17.0"
      },
      "peerDependencies": {
        "eslint": ">=7.28.0"
      }
    },
    "node_modules/eslint-plugin-promise": {
      "version": "6.1.1",
      "resolved": "https://registry.npmjs.org/eslint-plugin-promise/-/eslint-plugin-promise-6.1.1.tgz",
      "integrity": "sha512-tzeH1F4cDoIwLVicDTrrBy4QwvF7qadNYhE7iHqO6FwLyYb1iIGYmVQE9lL2YV9eVe3VQ+12XpsElTbR0SEGBA==",
      "engines": {
        "node": ">=8.10"
      },
      "peerDependencies": {
        "eslint": ">=7.0.0"
      }
    },
    "node_modules/https-proxy-agent": {
      "version": "7.0.4",
      "resolved": "https://registry.npmjs.org/https-proxy-agent/-/https-proxy-agent-7.0.4.tgz",
      "integrity": "sha512-wlwp6JKM1FwtP+Uq/ExuTMgVztM0+u2kvUUUvV8fAGcE0wP1vTugRl6eZ1k78G9VqDx0Oq1QhX/tdYQOQpPLow==",
      "dependencies": {
        "debug": "4"
      },
      "engines": {
        "node": ">= 14"
      }
    },
    "node_modules/proxy-from-env": {
      "version": "1.1.0",
      "resolved": "https://registry.npmjs.org/proxy-from-env/-/proxy-from-env-1.1.0.tgz",
      "integrity": "sha512-D+zkORCbA9f1tdWRK0RaCR3GPv50cMxcrz4X8k5LTSUD1Dkw47mKJEZQNunItRTkWwgtaUSo1RVFRIG9ZXiFYg=="
    },
    "node_modules/request-compose": {
      "version": "2.1.3",
      "resolved": "https://registry.npmjs.org/request-compose/-/request-compose-2.1.3.tgz",
      "integrity": "sha512-zvBCA8lC9Hl5L5ySFiNkC6rrnK6DmJfjr6vjfauGxE6QW1g1eJFU/sovv8N82Q7tWwGNp1iGIX1O6y6e6/fUgQ==",
      "engines": {
        "node": ">= 8"
      }
    }
  }
}
